
Microsoft Visual Studio Solution File, Format Version 12.00
# Visual Studio Version 17
VisualStudioVersion = 17.9.34622.214
MinimumVisualStudioVersion = 10.0.40219.1
Project("{FAE04EC0-301F-11D3-BF4B-00C04F79EFBC}") = "Extension", "Extensions\Extension.csproj", "{90750475-6890-4564-9C58-72D09A9CFFF9}"
EndProject
Global
	GlobalSection(SolutionConfigurationPlatforms) = preSolution
		Debug|Any CPU = Debug|Any CPU
		Release|Any CPU = Release|Any CPU
	EndGlobalSection
	GlobalSection(ProjectConfigurationPlatforms) = postSolution
		{90750475-6890-4564-9C58-72D09A9CFFF9}.Debug|Any CPU.ActiveCfg = Debug|Any CPU
		{90750475-6890-4564-9C58-72D09A9CFFF9}.Debug|Any CPU.Build.0 = Debug|Any CPU
		{90750475-6890-4564-9C58-72D09A9CFFF9}.Release|Any CPU.ActiveCfg = Release|Any CPU
		{90750475-6890-4564-9C58-72D09A9CFFF9}.Release|Any CPU.Build.0 = Release|Any CPU
	EndGlobalSection
	GlobalSection(SolutionProperties) = preSolution
		HideSolutionNode = FALSE
	EndGlobalSection
	GlobalSection(ExtensibilityGlobals) = postSolution
		SolutionGuid = {E7A5C406-8459-46F3-9490-85E2AB855391}
	EndGlobalSection
EndGlobal
