
Microsoft Visual Studio Solution File, Format Version 12.00
# Visual Studio Version 17
VisualStudioVersion = 17.9.34622.214
MinimumVisualStudioVersion = 10.0.40219.1
Project("{FAE04EC0-301F-11D3-BF4B-00C04F79EFBC}") = "BankingConsoleApp", "BankingConsoleApp\BankingConsoleApp.csproj", "{5E4D7739-DB82-4849-A17B-99A6CE04FF3B}"
EndProject
Global
	GlobalSection(SolutionConfigurationPlatforms) = preSolution
		Debug|Any CPU = Debug|Any CPU
		Release|Any CPU = Release|Any CPU
	EndGlobalSection
	GlobalSection(ProjectConfigurationPlatforms) = postSolution
		{5E4D7739-DB82-4849-A17B-99A6CE04FF3B}.Debug|Any CPU.ActiveCfg = Debug|Any CPU
		{5E4D7739-DB82-4849-A17B-99A6CE04FF3B}.Debug|Any CPU.Build.0 = Debug|Any CPU
		{5E4D7739-DB82-4849-A17B-99A6CE04FF3B}.Release|Any CPU.ActiveCfg = Release|Any CPU
		{5E4D7739-DB82-4849-A17B-99A6CE04FF3B}.Release|Any CPU.Build.0 = Release|Any CPU
	EndGlobalSection
	GlobalSection(SolutionProperties) = preSolution
		HideSolutionNode = FALSE
	EndGlobalSection
	GlobalSection(ExtensibilityGlobals) = postSolution
		SolutionGuid = {D0E1AB98-8A82-486A-93C1-729AA0814BDE}
	EndGlobalSection
EndGlobal
